// !$*UTF8*$!
{
	archiveVersion = 1;
	classes = {
	};
	objectVersion = 46;
	objects = {

/* Begin PBXBuildFile section */
		D00744DD1DEC158800A935FB /* AppDelegate.swift in Sources */ = {isa = PBXBuildFile; fileRef = D00744DC1DEC158800A935FB /* AppDelegate.swift */; };
		D00744DF1DEC158800A935FB /* ViewController.swift in Sources */ = {isa = PBXBuildFile; fileRef = D00744DE1DEC158800A935FB /* ViewController.swift */; };
		D00744E21DEC158800A935FB /* Main.storyboard in Resources */ = {isa = PBXBuildFile; fileRef = D00744E01DEC158800A935FB /* Main.storyboard */; };
		D00744E41DEC158800A935FB /* Assets.xcassets in Resources */ = {isa = PBXBuildFile; fileRef = D00744E31DEC158800A935FB /* Assets.xcassets */; };
		D00744E71DEC158800A935FB /* LaunchScreen.storyboard in Resources */ = {isa = PBXBuildFile; fileRef = D00744E51DEC158800A935FB /* LaunchScreen.storyboard */; };
		D00744F21DEC158800A935FB /* PageTheScrollTests.swift in Sources */ = {isa = PBXBuildFile; fileRef = D00744F11DEC158800A935FB /* PageTheScrollTests.swift */; };
		D00744FD1DEC158800A935FB /* PageTheScrollUITests.swift in Sources */ = {isa = PBXBuildFile; fileRef = D00744FC1DEC158800A935FB /* PageTheScrollUITests.swift */; };
/* End PBXBuildFile section */

/* Begin PBXContainerItemProxy section */
		D00744EE1DEC158800A935FB /* PBXContainerItemProxy */ = {
			isa = PBXContainerItemProxy;
			containerPortal = D00744D11DEC158800A935FB /* Project object */;
			proxyType = 1;
			remoteGlobalIDString = D00744D81DEC158800A935FB;
			remoteInfo = PageTheScroll;
		};
		D00744F91DEC158800A935FB /* PBXContainerItemProxy */ = {
			isa = PBXContainerItemProxy;
			containerPortal = D00744D11DEC158800A935FB /* Project object */;
			proxyType = 1;
			remoteGlobalIDString = D00744D81DEC158800A935FB;
			remoteInfo = PageTheScroll;
		};
/* End PBXContainerItemProxy section */

/* Begin PBXFileReference section */
		D00744D91DEC158800A935FB /* PageTheScroll.app */ = {isa = PBXFileReference; explicitFileType = wrapper.application; includeInIndex = 0; path = PageTheScroll.app; sourceTree = BUILT_PRODUCTS_DIR; };
		D00744DC1DEC158800A935FB /* AppDelegate.swift */ = {isa = PBXFileReference; lastKnownFileType = sourcecode.swift; path = AppDelegate.swift; sourceTree = "<group>"; };
		D00744DE1DEC158800A935FB /* ViewController.swift */ = {isa = PBXFileReference; lastKnownFileType = sourcecode.swift; path = ViewController.swift; sourceTree = "<group>"; };
		D00744E11DEC158800A935FB /* Base */ = {isa = PBXFileReference; lastKnownFileType = file.storyboard; name = Base; path = Base.lproj/Main.storyboard; sourceTree = "<group>"; };
		D00744E31DEC158800A935FB /* Assets.xcassets */ = {isa = PBXFileReference; lastKnownFileType = folder.assetcatalog; path = Assets.xcassets; sourceTree = "<group>"; };
		D00744E61DEC158800A935FB /* Base */ = {isa = PBXFileReference; lastKnownFileType = file.storyboard; name = Base; path = Base.lproj/LaunchScreen.storyboard; sourceTree = "<group>"; };
		D00744E81DEC158800A935FB /* Info.plist */ = {isa = PBXFileReference; lastKnownFileType = text.plist.xml; path = Info.plist; sourceTree = "<group>"; };
		D00744ED1DEC158800A935FB /* PageTheScrollTests.xctest */ = {isa = PBXFileReference; explicitFileType = wrapper.cfbundle; includeInIndex = 0; path = PageTheScrollTests.xctest; sourceTree = BUILT_PRODUCTS_DIR; };
		D00744F11DEC158800A935FB /* PageTheScrollTests.swift */ = {isa = PBXFileReference; lastKnownFileType = sourcecode.swift; path = PageTheScrollTests.swift; sourceTree = "<group>"; };
		D00744F31DEC158800A935FB /* Info.plist */ = {isa = PBXFileReference; lastKnownFileType = text.plist.xml; path = Info.plist; sourceTree = "<group>"; };
		D00744F81DEC158800A935FB /* PageTheScrollUITests.xctest */ = {isa = PBXFileReference; explicitFileType = wrapper.cfbundle; includeInIndex = 0; path = PageTheScrollUITests.xctest; sourceTree = BUILT_PRODUCTS_DIR; };
		D00744FC1DEC158800A935FB /* PageTheScrollUITests.swift */ = {isa = PBXFileReference; lastKnownFileType = sourcecode.swift; path = PageTheScrollUITests.swift; sourceTree = "<group>"; };
		D00744FE1DEC158800A935FB /* Info.plist */ = {isa = PBXFileReference; lastKnownFileType = text.plist.xml; path = Info.plist; sourceTree = "<group>"; };
/* End PBXFileReference section */

/* Begin PBXFrameworksBuildPhase section */
		D00744D61DEC158800A935FB /* Frameworks */ = {
			isa = PBXFrameworksBuildPhase;
			buildActionMask = 2147483647;
			files = (
			);
			runOnlyForDeploymentPostprocessing = 0;
		};
		D00744EA1DEC158800A935FB /* Frameworks */ = {
			isa = PBXFrameworksBuildPhase;
			buildActionMask = 2147483647;
			files = (
			);
			runOnlyForDeploymentPostprocessing = 0;
		};
		D00744F51DEC158800A935FB /* Frameworks */ = {
			isa = PBXFrameworksBuildPhase;
			buildActionMask = 2147483647;
			files = (
			);
			runOnlyForDeploymentPostprocessing = 0;
		};
/* End PBXFrameworksBuildPhase section */

/* Begin PBXGroup section */
		D00744D01DEC158800A935FB = {
			isa = PBXGroup;
			children = (
				D00744DB1DEC158800A935FB /* PageTheScroll */,
				D00744F01DEC158800A935FB /* PageTheScrollTests */,
				D00744FB1DEC158800A935FB /* PageTheScrollUITests */,
				D00744DA1DEC158800A935FB /* Products */,
			);
			sourceTree = "<group>";
		};
		D00744DA1DEC158800A935FB /* Products */ = {
			isa = PBXGroup;
			children = (
				D00744D91DEC158800A935FB /* PageTheScroll.app */,
				D00744ED1DEC158800A935FB /* PageTheScrollTests.xctest */,
				D00744F81DEC158800A935FB /* PageTheScrollUITests.xctest */,
			);
			name = Products;
			sourceTree = "<group>";
		};
		D00744DB1DEC158800A935FB /* PageTheScroll */ = {
			isa = PBXGroup;
			children = (
				D00744DC1DEC158800A935FB /* AppDelegate.swift */,
				D00744DE1DEC158800A935FB /* ViewController.swift */,
				D00744E01DEC158800A935FB /* Main.storyboard */,
				D00744E31DEC158800A935FB /* Assets.xcassets */,
				D00744E51DEC158800A935FB /* LaunchScreen.storyboard */,
				D00744E81DEC158800A935FB /* Info.plist */,
			);
			path = PageTheScroll;
			sourceTree = "<group>";
		};
		D00744F01DEC158800A935FB /* PageTheScrollTests */ = {
			isa = PBXGroup;
			children = (
				D00744F11DEC158800A935FB /* PageTheScrollTests.swift */,
				D00744F31DEC158800A935FB /* Info.plist */,
			);
			path = PageTheScrollTests;
			sourceTree = "<group>";
		};
		D00744FB1DEC158800A935FB /* PageTheScrollUITests */ = {
			isa = PBXGroup;
			children = (
				D00744FC1DEC158800A935FB /* PageTheScrollUITests.swift */,
				D00744FE1DEC158800A935FB /* Info.plist */,
			);
			path = PageTheScrollUITests;
			sourceTree = "<group>";
		};
/* End PBXGroup section */

/* Begin PBXNativeTarget section */
		D00744D81DEC158800A935FB /* PageTheScroll */ = {
			isa = PBXNativeTarget;
			buildConfigurationList = D00745011DEC158800A935FB /* Build configuration list for PBXNativeTarget "PageTheScroll" */;
			buildPhases = (
				D00744D51DEC158800A935FB /* Sources */,
				D00744D61DEC158800A935FB /* Frameworks */,
				D00744D71DEC158800A935FB /* Resources */,
			);
			buildRules = (
			);
			dependencies = (
			);
			name = PageTheScroll;
			productName = PageTheScroll;
			productReference = D00744D91DEC158800A935FB /* PageTheScroll.app */;
			productType = "com.apple.product-type.application";
		};
		D00744EC1DEC158800A935FB /* PageTheScrollTests */ = {
			isa = PBXNativeTarget;
			buildConfigurationList = D00745041DEC158800A935FB /* Build configuration list for PBXNativeTarget "PageTheScrollTests" */;
			buildPhases = (
				D00744E91DEC158800A935FB /* Sources */,
				D00744EA1DEC158800A935FB /* Frameworks */,
				D00744EB1DEC158800A935FB /* Resources */,
			);
			buildRules = (
			);
			dependencies = (
				D00744EF1DEC158800A935FB /* PBXTargetDependency */,
			);
			name = PageTheScrollTests;
			productName = PageTheScrollTests;
			productReference = D00744ED1DEC158800A935FB /* PageTheScrollTests.xctest */;
			productType = "com.apple.product-type.bundle.unit-test";
		};
		D00744F71DEC158800A935FB /* PageTheScrollUITests */ = {
			isa = PBXNativeTarget;
			buildConfigurationList = D00745071DEC158800A935FB /* Build configuration list for PBXNativeTarget "PageTheScrollUITests" */;
			buildPhases = (
				D00744F41DEC158800A935FB /* Sources */,
				D00744F51DEC158800A935FB /* Frameworks */,
				D00744F61DEC158800A935FB /* Resources */,
			);
			buildRules = (
			);
			dependencies = (
				D00744FA1DEC158800A935FB /* PBXTargetDependency */,
			);
			name = PageTheScrollUITests;
			productName = PageTheScrollUITests;
			productReference = D00744F81DEC158800A935FB /* PageTheScrollUITests.xctest */;
			productType = "com.apple.product-type.bundle.ui-testing";
		};
/* End PBXNativeTarget section */

/* Begin PBXProject section */
		D00744D11DEC158800A935FB /* Project object */ = {
			isa = PBXProject;
			attributes = {
				LastSwiftUpdateCheck = 0820;
				LastUpgradeCheck = 0820;
				ORGANIZATIONNAME = "David Ramirez";
				TargetAttributes = {
					D00744D81DEC158800A935FB = {
						CreatedOnToolsVersion = 8.2;
						ProvisioningStyle = Automatic;
					};
					D00744EC1DEC158800A935FB = {
						CreatedOnToolsVersion = 8.2;
						ProvisioningStyle = Automatic;
						TestTargetID = D00744D81DEC158800A935FB;
					};
					D00744F71DEC158800A935FB = {
						CreatedOnToolsVersion = 8.2;
						ProvisioningStyle = Automatic;
						TestTargetID = D00744D81DEC158800A935FB;
					};
				};
			};
			buildConfigurationList = D00744D41DEC158800A935FB /* Build configuration list for PBXProject "PageTheScroll" */;
			compatibilityVersion = "Xcode 3.2";
			developmentRegion = English;
			hasScannedForEncodings = 0;
			knownRegions = (
				en,
				Base,
			);
			mainGroup = D00744D01DEC158800A935FB;
			productRefGroup = D00744DA1DEC158800A935FB /* Products */;
			projectDirPath = "";
			projectRoot = "";
			targets = (
				D00744D81DEC158800A935FB /* PageTheScroll */,
				D00744EC1DEC158800A935FB /* PageTheScrollTests */,
				D00744F71DEC158800A935FB /* PageTheScrollUITests */,
			);
		};
/* End PBXProject section */

/* Begin PBXResourcesBuildPhase section */
		D00744D71DEC158800A935FB /* Resources */ = {
			isa = PBXResourcesBuildPhase;
			buildActionMask = 2147483647;
			files = (
				D00744E71DEC158800A935FB /* LaunchScreen.storyboard in Resources */,
				D00744E41DEC158800A935FB /* Assets.xcassets in Resources */,
				D00744E21DEC158800A935FB /* Main.storyboard in Resources */,
			);
			runOnlyForDeploymentPostprocessing = 0;
		};
		D00744EB1DEC158800A935FB /* Resources */ = {
			isa = PBXResourcesBuildPhase;
			buildActionMask = 2147483647;
			files = (
			);
			runOnlyForDeploymentPostprocessing = 0;
		};
		D00744F61DEC158800A935FB /* Resources */ = {
			isa = PBXResourcesBuildPhase;
			buildActionMask = 2147483647;
			files = (
			);
			runOnlyForDeploymentPostprocessing = 0;
		};
/* End PBXResourcesBuildPhase section */

/* Begin PBXSourcesBuildPhase section */
		D00744D51DEC158800A935FB /* Sources */ = {
			isa = PBXSourcesBuildPhase;
			buildActionMask = 2147483647;
			files = (
				D00744DF1DEC158800A935FB /* ViewController.swift in Sources */,
				D00744DD1DEC158800A935FB /* AppDelegate.swift in Sources */,
			);
			runOnlyForDeploymentPostprocessing = 0;
		};
		D00744E91DEC158800A935FB /* Sources */ = {
			isa = PBXSourcesBuildPhase;
			buildActionMask = 2147483647;
			files = (
				D00744F21DEC158800A935FB /* PageTheScrollTests.swift in Sources */,
			);
			runOnlyForDeploymentPostprocessing = 0;
		};
		D00744F41DEC158800A935FB /* Sources */ = {
			isa = PBXSourcesBuildPhase;
			buildActionMask = 2147483647;
			files = (
				D00744FD1DEC158800A935FB /* PageTheScrollUITests.swift in Sources */,
			);
			runOnlyForDeploymentPostprocessing = 0;
		};
/* End PBXSourcesBuildPhase section */

/* Begin PBXTargetDependency section */
		D00744EF1DEC158800A935FB /* PBXTargetDependency */ = {
			isa = PBXTargetDependency;
			target = D00744D81DEC158800A935FB /* PageTheScroll */;
			targetProxy = D00744EE1DEC158800A935FB /* PBXContainerItemProxy */;
		};
		D00744FA1DEC158800A935FB /* PBXTargetDependency */ = {
			isa = PBXTargetDependency;
			target = D00744D81DEC158800A935FB /* PageTheScroll */;
			targetProxy = D00744F91DEC158800A935FB /* PBXContainerItemProxy */;
		};
/* End PBXTargetDependency section */

/* Begin PBXVariantGroup section */
		D00744E01DEC158800A935FB /* Main.storyboard */ = {
			isa = PBXVariantGroup;
			children = (
				D00744E11DEC158800A935FB /* Base */,
			);
			name = Main.storyboard;
			sourceTree = "<group>";
		};
		D00744E51DEC158800A935FB /* LaunchScreen.storyboard */ = {
			isa = PBXVariantGroup;
			children = (
				D00744E61DEC158800A935FB /* Base */,
			);
			name = LaunchScreen.storyboard;
			sourceTree = "<group>";
		};
/* End PBXVariantGroup section */

/* Begin XCBuildConfiguration section */
		D00744FF1DEC158800A935FB /* Debug */ = {
			isa = XCBuildConfiguration;
			buildSettings = {
				ALWAYS_SEARCH_USER_PATHS = NO;
				CLANG_ANALYZER_NONNULL = YES;
				CLANG_CXX_LANGUAGE_STANDARD = "gnu++0x";
				CLANG_CXX_LIBRARY = "libc++";
				CLANG_ENABLE_MODULES = YES;
				CLANG_ENABLE_OBJC_ARC = YES;
				CLANG_WARN_BOOL_CONVERSION = YES;
				CLANG_WARN_CONSTANT_CONVERSION = YES;
				CLANG_WARN_DIRECT_OBJC_ISA_USAGE = YES_ERROR;
				CLANG_WARN_DOCUMENTATION_COMMENTS = YES;
				CLANG_WARN_EMPTY_BODY = YES;
				CLANG_WARN_ENUM_CONVERSION = YES;
				CLANG_WARN_INFINITE_RECURSION = YES;
				CLANG_WARN_INT_CONVERSION = YES;
				CLANG_WARN_OBJC_ROOT_CLASS = YES_ERROR;
				CLANG_WARN_SUSPICIOUS_MOVE = YES;
				CLANG_WARN_UNREACHABLE_CODE = YES;
				CLANG_WARN__DUPLICATE_METHOD_MATCH = YES;
				"CODE_SIGN_IDENTITY[sdk=iphoneos*]" = "iPhone Developer";
				COPY_PHASE_STRIP = NO;
				DEBUG_INFORMATION_FORMAT = dwarf;
				ENABLE_STRICT_OBJC_MSGSEND = YES;
				ENABLE_TESTABILITY = YES;
				GCC_C_LANGUAGE_STANDARD = gnu99;
				GCC_DYNAMIC_NO_PIC = NO;
				GCC_NO_COMMON_BLOCKS = YES;
				GCC_OPTIMIZATION_LEVEL = 0;
				GCC_PREPROCESSOR_DEFINITIONS = (
					"DEBUG=1",
					"$(inherited)",
				);
				GCC_WARN_64_TO_32_BIT_CONVERSION = YES;
				GCC_WARN_ABOUT_RETURN_TYPE = YES_ERROR;
				GCC_WARN_UNDECLARED_SELECTOR = YES;
				GCC_WARN_UNINITIALIZED_AUTOS = YES_AGGRESSIVE;
				GCC_WARN_UNUSED_FUNCTION = YES;
				GCC_WARN_UNUSED_VARIABLE = YES;
				IPHONEOS_DEPLOYMENT_TARGET = 10.2;
				MTL_ENABLE_DEBUG_INFO = YES;
				ONLY_ACTIVE_ARCH = YES;
				SDKROOT = iphoneos;
				SWIFT_ACTIVE_COMPILATION_CONDITIONS = DEBUG;
				SWIFT_OPTIMIZATION_LEVEL = "-Onone";
				TARGETED_DEVICE_FAMILY = "1,2";
			};
			name = Debug;
		};
		D00745001DEC158800A935FB /* Release */ = {
			isa = XCBuildConfiguration;
			buildSettings = {
				ALWAYS_SEARCH_USER_PATHS = NO;
				CLANG_ANALYZER_NONNULL = YES;
				CLANG_CXX_LANGUAGE_STANDARD = "gnu++0x";
				CLANG_CXX_LIBRARY = "libc++";
				CLANG_ENABLE_MODULES = YES;
				CLANG_ENABLE_OBJC_ARC = YES;
				CLANG_WARN_BOOL_CONVERSION = YES;
				CLANG_WARN_CONSTANT_CONVERSION = YES;
				CLANG_WARN_DIRECT_OBJC_ISA_USAGE = YES_ERROR;
				CLANG_WARN_DOCUMENTATION_COMMENTS = YES;
				CLANG_WARN_EMPTY_BODY = YES;
				CLANG_WARN_ENUM_CONVERSION = YES;
				CLANG_WARN_INFINITE_RECURSION = YES;
				CLANG_WARN_INT_CONVERSION = YES;
				CLANG_WARN_OBJC_ROOT_CLASS = YES_ERROR;
				CLANG_WARN_SUSPICIOUS_MOVE = YES;
				CLANG_WARN_UNREACHABLE_CODE = YES;
				CLANG_WARN__DUPLICATE_METHOD_MATCH = YES;
				"CODE_SIGN_IDENTITY[sdk=iphoneos*]" = "iPhone Developer";
				COPY_PHASE_STRIP = NO;
				DEBUG_INFORMATION_FORMAT = "dwarf-with-dsym";
				ENABLE_NS_ASSERTIONS = NO;
				ENABLE_STRICT_OBJC_MSGSEND = YES;
				GCC_C_LANGUAGE_STANDARD = gnu99;
				GCC_NO_COMMON_BLOCKS = YES;
				GCC_WARN_64_TO_32_BIT_CONVERSION = YES;
				GCC_WARN_ABOUT_RETURN_TYPE = YES_ERROR;
				GCC_WARN_UNDECLARED_SELECTOR = YES;
				GCC_WARN_UNINITIALIZED_AUTOS = YES_AGGRESSIVE;
				GCC_WARN_UNUSED_FUNCTION = YES;
				GCC_WARN_UNUSED_VARIABLE = YES;
				IPHONEOS_DEPLOYMENT_TARGET = 10.2;
				MTL_ENABLE_DEBUG_INFO = NO;
				SDKROOT = iphoneos;
				SWIFT_OPTIMIZATION_LEVEL = "-Owholemodule";
				TARGETED_DEVICE_FAMILY = "1,2";
				VALIDATE_PRODUCT = YES;
			};
			name = Release;
		};
		D00745021DEC158800A935FB /* Debug */ = {
			isa = XCBuildConfiguration;
			buildSettings = {
				ASSETCATALOG_COMPILER_APPICON_NAME = AppIcon;
				INFOPLIST_FILE = PageTheScroll/Info.plist;
				LD_RUNPATH_SEARCH_PATHS = "$(inherited) @executable_path/Frameworks";
				PRODUCT_BUNDLE_IDENTIFIER = com.davidramirez.PageTheScroll;
				PRODUCT_NAME = "$(TARGET_NAME)";
				SWIFT_VERSION = 3.0;
			};
			name = Debug;
		};
		D00745031DEC158800A935FB /* Release */ = {
			isa = XCBuildConfiguration;
			buildSettings = {
				ASSETCATALOG_COMPILER_APPICON_NAME = AppIcon;
				INFOPLIST_FILE = PageTheScroll/Info.plist;
				LD_RUNPATH_SEARCH_PATHS = "$(inherited) @executable_path/Frameworks";
				PRODUCT_BUNDLE_IDENTIFIER = com.davidramirez.PageTheScroll;
				PRODUCT_NAME = "$(TARGET_NAME)";
				SWIFT_VERSION = 3.0;
			};
			name = Release;
		};
		D00745051DEC158800A935FB /* Debug */ = {
			isa = XCBuildConfiguration;
			buildSettings = {
				ALWAYS_EMBED_SWIFT_STANDARD_LIBRARIES = YES;
				BUNDLE_LOADER = "$(TEST_HOST)";
				INFOPLIST_FILE = PageTheScrollTests/Info.plist;
				LD_RUNPATH_SEARCH_PATHS = "$(inherited) @executable_path/Frameworks @loader_path/Frameworks";
				PRODUCT_BUNDLE_IDENTIFIER = com.davidramirez.PageTheScrollTests;
				PRODUCT_NAME = "$(TARGET_NAME)";
				SWIFT_VERSION = 3.0;
				TEST_HOST = "$(BUILT_PRODUCTS_DIR)/PageTheScroll.app/PageTheScroll";
			};
			name = Debug;
		};
		D00745061DEC158800A935FB /* Release */ = {
			isa = XCBuildConfiguration;
			buildSettings = {
				ALWAYS_EMBED_SWIFT_STANDARD_LIBRARIES = YES;
				BUNDLE_LOADER = "$(TEST_HOST)";
				INFOPLIST_FILE = PageTheScrollTests/Info.plist;
				LD_RUNPATH_SEARCH_PATHS = "$(inherited) @executable_path/Frameworks @loader_path/Frameworks";
				PRODUCT_BUNDLE_IDENTIFIER = com.davidramirez.PageTheScrollTests;
				PRODUCT_NAME = "$(TARGET_NAME)";
				SWIFT_VERSION = 3.0;
				TEST_HOST = "$(BUILT_PRODUCTS_DIR)/PageTheScroll.app/PageTheScroll";
			};
			name = Release;
		};
		D00745081DEC158800A935FB /* Debug */ = {
			isa = XCBuildConfiguration;
			buildSettings = {
				ALWAYS_EMBED_SWIFT_STANDARD_LIBRARIES = YES;
				INFOPLIST_FILE = PageTheScrollUITests/Info.plist;
				LD_RUNPATH_SEARCH_PATHS = "$(inherited) @executable_path/Frameworks @loader_path/Frameworks";
				PRODUCT_BUNDLE_IDENTIFIER = com.davidramirez.PageTheScrollUITests;
				PRODUCT_NAME = "$(TARGET_NAME)";
				SWIFT_VERSION = 3.0;
				TEST_TARGET_NAME = PageTheScroll;
			};
			name = Debug;
		};
		D00745091DEC158800A935FB /* Release */ = {
			isa = XCBuildConfiguration;
			buildSettings = {
				ALWAYS_EMBED_SWIFT_STANDARD_LIBRARIES = YES;
				INFOPLIST_FILE = PageTheScrollUITests/Info.plist;
				LD_RUNPATH_SEARCH_PATHS = "$(inherited) @executable_path/Frameworks @loader_path/Frameworks";
				PRODUCT_BUNDLE_IDENTIFIER = com.davidramirez.PageTheScrollUITests;
				PRODUCT_NAME = "$(TARGET_NAME)";
				SWIFT_VERSION = 3.0;
				TEST_TARGET_NAME = PageTheScroll;
			};
			name = Release;
		};
/* End XCBuildConfiguration section */

/* Begin XCConfigurationList section */
		D00744D41DEC158800A935FB /* Build configuration list for PBXProject "PageTheScroll" */ = {
			isa = XCConfigurationList;
			buildConfigurations = (
				D00744FF1DEC158800A935FB /* Debug */,
				D00745001DEC158800A935FB /* Release */,
			);
			defaultConfigurationIsVisible = 0;
			defaultConfigurationName = Release;
		};
		D00745011DEC158800A935FB /* Build configuration list for PBXNativeTarget "PageTheScroll" */ = {
			isa = XCConfigurationList;
			buildConfigurations = (
				D00745021DEC158800A935FB /* Debug */,
				D00745031DEC158800A935FB /* Release */,
			);
			defaultConfigurationIsVisible = 0;
		};
		D00745041DEC158800A935FB /* Build configuration list for PBXNativeTarget "PageTheScrollTests" */ = {
			isa = XCConfigurationList;
			buildConfigurations = (
				D00745051DEC158800A935FB /* Debug */,
				D00745061DEC158800A935FB /* Release */,
			);
			defaultConfigurationIsVisible = 0;
		};
		D00745071DEC158800A935FB /* Build configuration list for PBXNativeTarget "PageTheScrollUITests" */ = {
			isa = XCConfigurationList;
			buildConfigurations = (
				D00745081DEC158800A935FB /* Debug */,
				D00745091DEC158800A935FB /* Release */,
			);
			defaultConfigurationIsVisible = 0;
		};
/* End XCConfigurationList section */
	};
	rootObject = D00744D11DEC158800A935FB /* Project object */;
}
